
Microsoft Visual Studio Solution File, Format Version 12.00
# Visual Studio Version 17
VisualStudioVersion = 17.6.33829.357
MinimumVisualStudioVersion = 10.0.40219.1
Project("{8BC9CEB8-8B4A-11D0-8D11-00A0C91BC942}") = "MySnake", "MySnake\MySnake.vcxproj", "{6B60B194-7E0E-4584-A9AF-762142ED1EE6}"
EndProject
Global
	GlobalSection(SolutionConfigurationPlatforms) = preSolution
		Debug|x64 = Debug|x64
		Debug|x86 = Debug|x86
		Release|x64 = Release|x64
		Release|x86 = Release|x86
	EndGlobalSection
	GlobalSection(ProjectConfigurationPlatforms) = postSolution
		{6B60B194-7E0E-4584-A9AF-762142ED1EE6}.Debug|x64.ActiveCfg = Debug|x64
		{6B60B194-7E0E-4584-A9AF-762142ED1EE6}.Debug|x64.Build.0 = Debug|x64
		{6B60B194-7E0E-4584-A9AF-762142ED1EE6}.Debug|x86.ActiveCfg = Debug|Win32
		{6B60B194-7E0E-4584-A9AF-762142ED1EE6}.Debug|x86.Build.0 = Debug|Win32
		{6B60B194-7E0E-4584-A9AF-762142ED1EE6}.Release|x64.ActiveCfg = Release|x64
		{6B60B194-7E0E-4584-A9AF-762142ED1EE6}.Release|x64.Build.0 = Release|x64
		{6B60B194-7E0E-4584-A9AF-762142ED1EE6}.Release|x86.ActiveCfg = Release|Win32
		{6B60B194-7E0E-4584-A9AF-762142ED1EE6}.Release|x86.Build.0 = Release|Win32
	EndGlobalSection
	GlobalSection(SolutionProperties) = preSolution
		HideSolutionNode = FALSE
	EndGlobalSection
	GlobalSection(ExtensibilityGlobals) = postSolution
		SolutionGuid = {57D4053F-62BF-4D6E-A89F-6B2C02ACF33F}
	EndGlobalSection
EndGlobal
