<?xml version="1.0" encoding="utf-8"?>
<Project ToolsVersion="4.0" xmlns="http://schemas.microsoft.com/developer/msbuild/2003">
  <ItemGroup>
    <Filter Include="源文件">
      <UniqueIdentifier>{4FC737F1-C7A5-4376-A066-2A32D752A2FF}</UniqueIdentifier>
      <Extensions>cpp;c;cc;cxx;c++;cppm;ixx;def;odl;idl;hpj;bat;asm;asmx</Extensions>
    </Filter>
    <Filter Include="头文件">
      <UniqueIdentifier>{93995380-89BD-4b04-88EB-625FBE52EBFB}</UniqueIdentifier>
      <Extensions>h;hh;hpp;hxx;h++;hm;inl;inc;ipp;xsd</Extensions>
    </Filter>
    <Filter Include="资源文件">
      <UniqueIdentifier>{67DA6AB6-F800-4c08-8B7A-83BB121AAD01}</UniqueIdentifier>
      <Extensions>rc;ico;cur;bmp;dlg;rc2;rct;bin;rgs;gif;jpg;jpeg;jpe;resx;tiff;tif;png;wav;mfcribbon-ms</Extensions>
    </Filter>
  </ItemGroup>
  <ItemGroup>
    <ClCompile Include="main.cpp">
      <Filter>源文件</Filter>
    </ClCompile>
    <ClCompile Include="Button.cpp">
      <Filter>源文件</Filter>
    </ClCompile>
    <ClCompile Include="common.cpp">
      <Filter>源文件</Filter>
    </ClCompile>
    <ClCompile Include="Snake.cpp">
      <Filter>源文件</Filter>
    </ClCompile>
    <ClCompile Include="Food.cpp">
      <Filter>源文件</Filter>
    </ClCompile>
    <ClCompile Include="Map.cpp">
      <Filter>源文件</Filter>
    </ClCompile>
    <ClCompile Include="GameMode.cpp">
      <Filter>源文件</Filter>
    </ClCompile>
    <ClCompile Include="InfiniteMode.cpp">
      <Filter>源文件</Filter>
    </ClCompile>
    <ClCompile Include="TimedMode.cpp">
      <Filter>源文件</Filter>
    </ClCompile>
    <ClCompile Include="GameControl.cpp">
      <Filter>源文件</Filter>
    </ClCompile>
  </ItemGroup>
  <ItemGroup>
    <ClInclude Include="Button.h">
      <Filter>头文件</Filter>
    </ClInclude>
    <ClInclude Include="common.h">
      <Filter>头文件</Filter>
    </ClInclude>
    <ClInclude Include="Snake.h">
      <Filter>头文件</Filter>
    </ClInclude>
    <ClInclude Include="Food.h">
      <Filter>头文件</Filter>
    </ClInclude>
    <ClInclude Include="Map.h">
      <Filter>头文件</Filter>
    </ClInclude>
    <ClInclude Include="GameMode.h">
      <Filter>头文件</Filter>
    </ClInclude>
    <ClInclude Include="InfiniteMode.h">
      <Filter>头文件</Filter>
    </ClInclude>
    <ClInclude Include="TimedMode.h">
      <Filter>头文件</Filter>
    </ClInclude>
    <ClInclude Include="GameControl.h">
      <Filter>头文件</Filter>
    </ClInclude>
    <ClInclude Include="resource.h">
      <Filter>头文件</Filter>
    </ClInclude>
    <ClInclude Include="resource1.h">
      <Filter>头文件</Filter>
    </ClInclude>
  </ItemGroup>
  <ItemGroup>
    <Image Include="res\Graphics\apple.png">
      <Filter>资源文件</Filter>
    </Image>
    <Image Include="res\Graphics\body_bottomleft.png">
      <Filter>资源文件</Filter>
    </Image>
    <Image Include="res\Graphics\body_bottomright.png">
      <Filter>资源文件</Filter>
    </Image>
    <Image Include="res\Graphics\body_horizontal.png">
      <Filter>资源文件</Filter>
    </Image>
    <Image Include="res\Graphics\body_topleft.png">
      <Filter>资源文件</Filter>
    </Image>
    <Image Include="res\Graphics\body_topright.png">
      <Filter>资源文件</Filter>
    </Image>
    <Image Include="res\Graphics\body_vertical.png">
      <Filter>资源文件</Filter>
    </Image>
    <Image Include="res\Graphics\head_down.png">
      <Filter>资源文件</Filter>
    </Image>
    <Image Include="res\Graphics\head_left.png">
      <Filter>资源文件</Filter>
    </Image>
    <Image Include="res\Graphics\head_right.png">
      <Filter>资源文件</Filter>
    </Image>
    <Image Include="res\Graphics\head_up.png">
      <Filter>资源文件</Filter>
    </Image>
    <Image Include="res\Graphics\tail_down.png">
      <Filter>资源文件</Filter>
    </Image>
    <Image Include="res\Graphics\tail_left.png">
      <Filter>资源文件</Filter>
    </Image>
    <Image Include="res\Graphics\tail_right.png">
      <Filter>资源文件</Filter>
    </Image>
    <Image Include="res\Graphics\tail_up.png">
      <Filter>资源文件</Filter>
    </Image>
    <Image Include="res\Graphics\background1.jpg">
      <Filter>资源文件</Filter>
    </Image>
    <Image Include="res\Graphics\background2.jpg">
      <Filter>资源文件</Filter>
    </Image>
    <Image Include="res\Graphics\background11.jpg">
      <Filter>资源文件</Filter>
    </Image>
    <Image Include="res\Graphics\infiniteMode.jpg">
      <Filter>资源文件</Filter>
    </Image>
    <Image Include="res\Graphics\timedMode.jpg">
      <Filter>资源文件</Filter>
    </Image>
    <Image Include="res\Graphics\snake_874275.png">
      <Filter>资源文件</Filter>
    </Image>
  </ItemGroup>
  <ItemGroup>
    <ResourceCompile Include="MySnake.rc">
      <Filter>资源文件</Filter>
    </ResourceCompile>
  </ItemGroup>
  <ItemGroup>
    <None Include="ClassDiagram.cd" />
  </ItemGroup>
</Project>